// !$*UTF8*$!
{
	archiveVersion = 1;
	classes = {
	};
	objectVersion = 50;
	objects = {

/* Begin PBXBuildFile section */
		586731512309F65500623F86 /* AppDelegate.swift in Sources */ = {isa = PBXBuildFile; fileRef = 586731502309F65500623F86 /* AppDelegate.swift */; };
		586731562309F65500623F86 /* Main.storyboard in Resources */ = {isa = PBXBuildFile; fileRef = 586731542309F65500623F86 /* Main.storyboard */; };
		586731582309F65600623F86 /* Assets.xcassets in Resources */ = {isa = PBXBuildFile; fileRef = 586731572309F65600623F86 /* Assets.xcassets */; };
		5867315B2309F65600623F86 /* LaunchScreen.storyboard in Resources */ = {isa = PBXBuildFile; fileRef = 586731592309F65600623F86 /* LaunchScreen.storyboard */; };
		586731662309F65600623F86 /* GOTE_ProjectTests.swift in Sources */ = {isa = PBXBuildFile; fileRef = 586731652309F65600623F86 /* GOTE_ProjectTests.swift */; };
		586731712309F65600623F86 /* GOTE_ProjectUITests.swift in Sources */ = {isa = PBXBuildFile; fileRef = 586731702309F65600623F86 /* GOTE_ProjectUITests.swift */; };
		5867317F2309F69600623F86 /* GOTETableViewController.swift in Sources */ = {isa = PBXBuildFile; fileRef = 5867317E2309F69600623F86 /* GOTETableViewController.swift */; };
		586731812309F70700623F86 /* EpisodesTableViewCell.swift in Sources */ = {isa = PBXBuildFile; fileRef = 586731802309F70700623F86 /* EpisodesTableViewCell.swift */; };
		586731832309F7B400623F86 /* GOTEdata.swift in Sources */ = {isa = PBXBuildFile; fileRef = 586731822309F7B400623F86 /* GOTEdata.swift */; };
		586731882309FB0200623F86 /* EpisodeDetailedViewController.swift in Sources */ = {isa = PBXBuildFile; fileRef = 586731872309FB0200623F86 /* EpisodeDetailedViewController.swift */; };
/* End PBXBuildFile section */

/* Begin PBXContainerItemProxy section */
		586731622309F65600623F86 /* PBXContainerItemProxy */ = {
			isa = PBXContainerItemProxy;
			containerPortal = 586731452309F65400623F86 /* Project object */;
			proxyType = 1;
			remoteGlobalIDString = 5867314C2309F65500623F86;
			remoteInfo = "GOTE Project";
		};
		5867316D2309F65600623F86 /* PBXContainerItemProxy */ = {
			isa = PBXContainerItemProxy;
			containerPortal = 586731452309F65400623F86 /* Project object */;
			proxyType = 1;
			remoteGlobalIDString = 5867314C2309F65500623F86;
			remoteInfo = "GOTE Project";
		};
/* End PBXContainerItemProxy section */

/* Begin PBXFileReference section */
		5867314D2309F65500623F86 /* GOTE Project.app */ = {isa = PBXFileReference; explicitFileType = wrapper.application; includeInIndex = 0; path = "GOTE Project.app"; sourceTree = BUILT_PRODUCTS_DIR; };
		586731502309F65500623F86 /* AppDelegate.swift */ = {isa = PBXFileReference; lastKnownFileType = sourcecode.swift; path = AppDelegate.swift; sourceTree = "<group>"; };
		586731552309F65500623F86 /* Base */ = {isa = PBXFileReference; lastKnownFileType = file.storyboard; name = Base; path = Base.lproj/Main.storyboard; sourceTree = "<group>"; };
		586731572309F65600623F86 /* Assets.xcassets */ = {isa = PBXFileReference; lastKnownFileType = folder.assetcatalog; path = Assets.xcassets; sourceTree = "<group>"; };
		5867315A2309F65600623F86 /* Base */ = {isa = PBXFileReference; lastKnownFileType = file.storyboard; name = Base; path = Base.lproj/LaunchScreen.storyboard; sourceTree = "<group>"; };
		5867315C2309F65600623F86 /* Info.plist */ = {isa = PBXFileReference; lastKnownFileType = text.plist.xml; path = Info.plist; sourceTree = "<group>"; };
		586731612309F65600623F86 /* GOTE ProjectTests.xctest */ = {isa = PBXFileReference; explicitFileType = wrapper.cfbundle; includeInIndex = 0; path = "GOTE ProjectTests.xctest"; sourceTree = BUILT_PRODUCTS_DIR; };
		586731652309F65600623F86 /* GOTE_ProjectTests.swift */ = {isa = PBXFileReference; lastKnownFileType = sourcecode.swift; path = GOTE_ProjectTests.swift; sourceTree = "<group>"; };
		586731672309F65600623F86 /* Info.plist */ = {isa = PBXFileReference; lastKnownFileType = text.plist.xml; path = Info.plist; sourceTree = "<group>"; };
		5867316C2309F65600623F86 /* GOTE ProjectUITests.xctest */ = {isa = PBXFileReference; explicitFileType = wrapper.cfbundle; includeInIndex = 0; path = "GOTE ProjectUITests.xctest"; sourceTree = BUILT_PRODUCTS_DIR; };
		586731702309F65600623F86 /* GOTE_ProjectUITests.swift */ = {isa = PBXFileReference; lastKnownFileType = sourcecode.swift; path = GOTE_ProjectUITests.swift; sourceTree = "<group>"; };
		586731722309F65600623F86 /* Info.plist */ = {isa = PBXFileReference; lastKnownFileType = text.plist.xml; path = Info.plist; sourceTree = "<group>"; };
		5867317E2309F69600623F86 /* GOTETableViewController.swift */ = {isa = PBXFileReference; lastKnownFileType = sourcecode.swift; path = GOTETableViewController.swift; sourceTree = "<group>"; };
		586731802309F70700623F86 /* EpisodesTableViewCell.swift */ = {isa = PBXFileReference; lastKnownFileType = sourcecode.swift; path = EpisodesTableViewCell.swift; sourceTree = "<group>"; };
		586731822309F7B400623F86 /* GOTEdata.swift */ = {isa = PBXFileReference; lastKnownFileType = sourcecode.swift; path = GOTEdata.swift; sourceTree = "<group>"; };
		586731872309FB0200623F86 /* EpisodeDetailedViewController.swift */ = {isa = PBXFileReference; lastKnownFileType = sourcecode.swift; path = EpisodeDetailedViewController.swift; sourceTree = "<group>"; };
/* End PBXFileReference section */

/* Begin PBXFrameworksBuildPhase section */
		5867314A2309F65500623F86 /* Frameworks */ = {
			isa = PBXFrameworksBuildPhase;
			buildActionMask = 2147483647;
			files = (
			);
			runOnlyForDeploymentPostprocessing = 0;
		};
		5867315E2309F65600623F86 /* Frameworks */ = {
			isa = PBXFrameworksBuildPhase;
			buildActionMask = 2147483647;
			files = (
			);
			runOnlyForDeploymentPostprocessing = 0;
		};
		586731692309F65600623F86 /* Frameworks */ = {
			isa = PBXFrameworksBuildPhase;
			buildActionMask = 2147483647;
			files = (
			);
			runOnlyForDeploymentPostprocessing = 0;
		};
/* End PBXFrameworksBuildPhase section */

/* Begin PBXGroup section */
		586731442309F65400623F86 = {
			isa = PBXGroup;
			children = (
				5867314F2309F65500623F86 /* GOT-StudentVersion */,
				586731642309F65600623F86 /* GOTE ProjectTests */,
				5867316F2309F65600623F86 /* GOTE ProjectUITests */,
				5867314E2309F65500623F86 /* Products */,
			);
			sourceTree = "<group>";
		};
		5867314E2309F65500623F86 /* Products */ = {
			isa = PBXGroup;
			children = (
				5867314D2309F65500623F86 /* GOTE Project.app */,
				586731612309F65600623F86 /* GOTE ProjectTests.xctest */,
				5867316C2309F65600623F86 /* GOTE ProjectUITests.xctest */,
			);
			name = Products;
			sourceTree = "<group>";
		};
		5867314F2309F65500623F86 /* GOT-StudentVersion */ = {
			isa = PBXGroup;
			children = (
				586731502309F65500623F86 /* AppDelegate.swift */,
				586731862309F81A00623F86 /* View */,
				586731852309F81200623F86 /* Controllers */,
				586731842309F80300623F86 /* Model */,
				586731572309F65600623F86 /* Assets.xcassets */,
				586731592309F65600623F86 /* LaunchScreen.storyboard */,
				5867315C2309F65600623F86 /* Info.plist */,
			);
			path = "GOT-StudentVersion";
			sourceTree = "<group>";
		};
		586731642309F65600623F86 /* GOTE ProjectTests */ = {
			isa = PBXGroup;
			children = (
				586731652309F65600623F86 /* GOTE_ProjectTests.swift */,
				586731672309F65600623F86 /* Info.plist */,
			);
			path = "GOTE ProjectTests";
			sourceTree = "<group>";
		};
		5867316F2309F65600623F86 /* GOTE ProjectUITests */ = {
			isa = PBXGroup;
			children = (
				586731702309F65600623F86 /* GOTE_ProjectUITests.swift */,
				586731722309F65600623F86 /* Info.plist */,
			);
			path = "GOTE ProjectUITests";
			sourceTree = "<group>";
		};
		586731842309F80300623F86 /* Model */ = {
			isa = PBXGroup;
			children = (
				586731822309F7B400623F86 /* GOTEdata.swift */,
			);
			path = Model;
			sourceTree = "<group>";
		};
		586731852309F81200623F86 /* Controllers */ = {
			isa = PBXGroup;
			children = (
				586731872309FB0200623F86 /* EpisodeDetailedViewController.swift */,
				586731802309F70700623F86 /* EpisodesTableViewCell.swift */,
				5867317E2309F69600623F86 /* GOTETableViewController.swift */,
			);
			path = Controllers;
			sourceTree = "<group>";
		};
		586731862309F81A00623F86 /* View */ = {
			isa = PBXGroup;
			children = (
				586731542309F65500623F86 /* Main.storyboard */,
			);
			path = View;
			sourceTree = "<group>";
		};
/* End PBXGroup section */

/* Begin PBXNativeTarget section */
		5867314C2309F65500623F86 /* GOTE Project */ = {
			isa = PBXNativeTarget;
			buildConfigurationList = 586731752309F65600623F86 /* Build configuration list for PBXNativeTarget "GOTE Project" */;
			buildPhases = (
				586731492309F65500623F86 /* Sources */,
				5867314A2309F65500623F86 /* Frameworks */,
				5867314B2309F65500623F86 /* Resources */,
			);
			buildRules = (
			);
			dependencies = (
			);
			name = "GOTE Project";
			productName = "GOTE Project";
			productReference = 5867314D2309F65500623F86 /* GOTE Project.app */;
			productType = "com.apple.product-type.application";
		};
		586731602309F65600623F86 /* GOTE ProjectTests */ = {
			isa = PBXNativeTarget;
			buildConfigurationList = 586731782309F65600623F86 /* Build configuration list for PBXNativeTarget "GOTE ProjectTests" */;
			buildPhases = (
				5867315D2309F65600623F86 /* Sources */,
				5867315E2309F65600623F86 /* Frameworks */,
				5867315F2309F65600623F86 /* Resources */,
			);
			buildRules = (
			);
			dependencies = (
				586731632309F65600623F86 /* PBXTargetDependency */,
			);
			name = "GOTE ProjectTests";
			productName = "GOTE ProjectTests";
			productReference = 586731612309F65600623F86 /* GOTE ProjectTests.xctest */;
			productType = "com.apple.product-type.bundle.unit-test";
		};
		5867316B2309F65600623F86 /* GOTE ProjectUITests */ = {
			isa = PBXNativeTarget;
			buildConfigurationList = 5867317B2309F65600623F86 /* Build configuration list for PBXNativeTarget "GOTE ProjectUITests" */;
			buildPhases = (
				586731682309F65600623F86 /* Sources */,
				586731692309F65600623F86 /* Frameworks */,
				5867316A2309F65600623F86 /* Resources */,
			);
			buildRules = (
			);
			dependencies = (
				5867316E2309F65600623F86 /* PBXTargetDependency */,
			);
			name = "GOTE ProjectUITests";
			productName = "GOTE ProjectUITests";
			productReference = 5867316C2309F65600623F86 /* GOTE ProjectUITests.xctest */;
			productType = "com.apple.product-type.bundle.ui-testing";
		};
/* End PBXNativeTarget section */

/* Begin PBXProject section */
		586731452309F65400623F86 /* Project object */ = {
			isa = PBXProject;
			attributes = {
				LastSwiftUpdateCheck = 1030;
				LastUpgradeCheck = 1030;
				ORGANIZATIONNAME = "Mariel Hoepelman";
				TargetAttributes = {
					5867314C2309F65500623F86 = {
						CreatedOnToolsVersion = 10.3;
					};
					586731602309F65600623F86 = {
						CreatedOnToolsVersion = 10.3;
						TestTargetID = 5867314C2309F65500623F86;
					};
					5867316B2309F65600623F86 = {
						CreatedOnToolsVersion = 10.3;
						TestTargetID = 5867314C2309F65500623F86;
					};
				};
			};
			buildConfigurationList = 586731482309F65400623F86 /* Build configuration list for PBXProject "GOTE Project" */;
			compatibilityVersion = "Xcode 9.3";
			developmentRegion = en;
			hasScannedForEncodings = 0;
			knownRegions = (
				en,
				Base,
			);
			mainGroup = 586731442309F65400623F86;
			productRefGroup = 5867314E2309F65500623F86 /* Products */;
			projectDirPath = "";
			projectRoot = "";
			targets = (
				5867314C2309F65500623F86 /* GOTE Project */,
				586731602309F65600623F86 /* GOTE ProjectTests */,
				5867316B2309F65600623F86 /* GOTE ProjectUITests */,
			);
		};
/* End PBXProject section */

/* Begin PBXResourcesBuildPhase section */
		5867314B2309F65500623F86 /* Resources */ = {
			isa = PBXResourcesBuildPhase;
			buildActionMask = 2147483647;
			files = (
				5867315B2309F65600623F86 /* LaunchScreen.storyboard in Resources */,
				586731582309F65600623F86 /* Assets.xcassets in Resources */,
				586731562309F65500623F86 /* Main.storyboard in Resources */,
			);
			runOnlyForDeploymentPostprocessing = 0;
		};
		5867315F2309F65600623F86 /* Resources */ = {
			isa = PBXResourcesBuildPhase;
			buildActionMask = 2147483647;
			files = (
			);
			runOnlyForDeploymentPostprocessing = 0;
		};
		5867316A2309F65600623F86 /* Resources */ = {
			isa = PBXResourcesBuildPhase;
			buildActionMask = 2147483647;
			files = (
			);
			runOnlyForDeploymentPostprocessing = 0;
		};
/* End PBXResourcesBuildPhase section */

/* Begin PBXSourcesBuildPhase section */
		586731492309F65500623F86 /* Sources */ = {
			isa = PBXSourcesBuildPhase;
			buildActionMask = 2147483647;
			files = (
				5867317F2309F69600623F86 /* GOTETableViewController.swift in Sources */,
				586731812309F70700623F86 /* EpisodesTableViewCell.swift in Sources */,
				586731832309F7B400623F86 /* GOTEdata.swift in Sources */,
				586731512309F65500623F86 /* AppDelegate.swift in Sources */,
				586731882309FB0200623F86 /* EpisodeDetailedViewController.swift in Sources */,
			);
			runOnlyForDeploymentPostprocessing = 0;
		};
		5867315D2309F65600623F86 /* Sources */ = {
			isa = PBXSourcesBuildPhase;
			buildActionMask = 2147483647;
			files = (
				586731662309F65600623F86 /* GOTE_ProjectTests.swift in Sources */,
			);
			runOnlyForDeploymentPostprocessing = 0;
		};
		586731682309F65600623F86 /* Sources */ = {
			isa = PBXSourcesBuildPhase;
			buildActionMask = 2147483647;
			files = (
				586731712309F65600623F86 /* GOTE_ProjectUITests.swift in Sources */,
			);
			runOnlyForDeploymentPostprocessing = 0;
		};
/* End PBXSourcesBuildPhase section */

/* Begin PBXTargetDependency section */
		586731632309F65600623F86 /* PBXTargetDependency */ = {
			isa = PBXTargetDependency;
			target = 5867314C2309F65500623F86 /* GOTE Project */;
			targetProxy = 586731622309F65600623F86 /* PBXContainerItemProxy */;
		};
		5867316E2309F65600623F86 /* PBXTargetDependency */ = {
			isa = PBXTargetDependency;
			target = 5867314C2309F65500623F86 /* GOTE Project */;
			targetProxy = 5867316D2309F65600623F86 /* PBXContainerItemProxy */;
		};
/* End PBXTargetDependency section */

/* Begin PBXVariantGroup section */
		586731542309F65500623F86 /* Main.storyboard */ = {
			isa = PBXVariantGroup;
			children = (
				586731552309F65500623F86 /* Base */,
			);
			name = Main.storyboard;
			sourceTree = "<group>";
		};
		586731592309F65600623F86 /* LaunchScreen.storyboard */ = {
			isa = PBXVariantGroup;
			children = (
				5867315A2309F65600623F86 /* Base */,
			);
			name = LaunchScreen.storyboard;
			sourceTree = "<group>";
		};
/* End PBXVariantGroup section */

/* Begin XCBuildConfiguration section */
		586731732309F65600623F86 /* Debug */ = {
			isa = XCBuildConfiguration;
			buildSettings = {
				ALWAYS_SEARCH_USER_PATHS = NO;
				CLANG_ANALYZER_NONNULL = YES;
				CLANG_ANALYZER_NUMBER_OBJECT_CONVERSION = YES_AGGRESSIVE;
				CLANG_CXX_LANGUAGE_STANDARD = "gnu++14";
				CLANG_CXX_LIBRARY = "libc++";
				CLANG_ENABLE_MODULES = YES;
				CLANG_ENABLE_OBJC_ARC = YES;
				CLANG_ENABLE_OBJC_WEAK = YES;
				CLANG_WARN_BLOCK_CAPTURE_AUTORELEASING = YES;
				CLANG_WARN_BOOL_CONVERSION = YES;
				CLANG_WARN_COMMA = YES;
				CLANG_WARN_CONSTANT_CONVERSION = YES;
				CLANG_WARN_DEPRECATED_OBJC_IMPLEMENTATIONS = YES;
				CLANG_WARN_DIRECT_OBJC_ISA_USAGE = YES_ERROR;
				CLANG_WARN_DOCUMENTATION_COMMENTS = YES;
				CLANG_WARN_EMPTY_BODY = YES;
				CLANG_WARN_ENUM_CONVERSION = YES;
				CLANG_WARN_INFINITE_RECURSION = YES;
				CLANG_WARN_INT_CONVERSION = YES;
				CLANG_WARN_NON_LITERAL_NULL_CONVERSION = YES;
				CLANG_WARN_OBJC_IMPLICIT_RETAIN_SELF = YES;
				CLANG_WARN_OBJC_LITERAL_CONVERSION = YES;
				CLANG_WARN_OBJC_ROOT_CLASS = YES_ERROR;
				CLANG_WARN_RANGE_LOOP_ANALYSIS = YES;
				CLANG_WARN_STRICT_PROTOTYPES = YES;
				CLANG_WARN_SUSPICIOUS_MOVE = YES;
				CLANG_WARN_UNGUARDED_AVAILABILITY = YES_AGGRESSIVE;
				CLANG_WARN_UNREACHABLE_CODE = YES;
				CLANG_WARN__DUPLICATE_METHOD_MATCH = YES;
				CODE_SIGN_IDENTITY = "iPhone Developer";
				COPY_PHASE_STRIP = NO;
				DEBUG_INFORMATION_FORMAT = dwarf;
				ENABLE_STRICT_OBJC_MSGSEND = YES;
				ENABLE_TESTABILITY = YES;
				GCC_C_LANGUAGE_STANDARD = gnu11;
				GCC_DYNAMIC_NO_PIC = NO;
				GCC_NO_COMMON_BLOCKS = YES;
				GCC_OPTIMIZATION_LEVEL = 0;
				GCC_PREPROCESSOR_DEFINITIONS = (
					"DEBUG=1",
					"$(inherited)",
				);
				GCC_WARN_64_TO_32_BIT_CONVERSION = YES;
				GCC_WARN_ABOUT_RETURN_TYPE = YES_ERROR;
				GCC_WARN_UNDECLARED_SELECTOR = YES;
				GCC_WARN_UNINITIALIZED_AUTOS = YES_AGGRESSIVE;
				GCC_WARN_UNUSED_FUNCTION = YES;
				GCC_WARN_UNUSED_VARIABLE = YES;
				IPHONEOS_DEPLOYMENT_TARGET = 12.4;
				MTL_ENABLE_DEBUG_INFO = INCLUDE_SOURCE;
				MTL_FAST_MATH = YES;
				ONLY_ACTIVE_ARCH = YES;
				SDKROOT = iphoneos;
				SWIFT_ACTIVE_COMPILATION_CONDITIONS = DEBUG;
				SWIFT_OPTIMIZATION_LEVEL = "-Onone";
			};
			name = Debug;
		};
		586731742309F65600623F86 /* Release */ = {
			isa = XCBuildConfiguration;
			buildSettings = {
				ALWAYS_SEARCH_USER_PATHS = NO;
				CLANG_ANALYZER_NONNULL = YES;
				CLANG_ANALYZER_NUMBER_OBJECT_CONVERSION = YES_AGGRESSIVE;
				CLANG_CXX_LANGUAGE_STANDARD = "gnu++14";
				CLANG_CXX_LIBRARY = "libc++";
				CLANG_ENABLE_MODULES = YES;
				CLANG_ENABLE_OBJC_ARC = YES;
				CLANG_ENABLE_OBJC_WEAK = YES;
				CLANG_WARN_BLOCK_CAPTURE_AUTORELEASING = YES;
				CLANG_WARN_BOOL_CONVERSION = YES;
				CLANG_WARN_COMMA = YES;
				CLANG_WARN_CONSTANT_CONVERSION = YES;
				CLANG_WARN_DEPRECATED_OBJC_IMPLEMENTATIONS = YES;
				CLANG_WARN_DIRECT_OBJC_ISA_USAGE = YES_ERROR;
				CLANG_WARN_DOCUMENTATION_COMMENTS = YES;
				CLANG_WARN_EMPTY_BODY = YES;
				CLANG_WARN_ENUM_CONVERSION = YES;
				CLANG_WARN_INFINITE_RECURSION = YES;
				CLANG_WARN_INT_CONVERSION = YES;
				CLANG_WARN_NON_LITERAL_NULL_CONVERSION = YES;
				CLANG_WARN_OBJC_IMPLICIT_RETAIN_SELF = YES;
				CLANG_WARN_OBJC_LITERAL_CONVERSION = YES;
				CLANG_WARN_OBJC_ROOT_CLASS = YES_ERROR;
				CLANG_WARN_RANGE_LOOP_ANALYSIS = YES;
				CLANG_WARN_STRICT_PROTOTYPES = YES;
				CLANG_WARN_SUSPICIOUS_MOVE = YES;
				CLANG_WARN_UNGUARDED_AVAILABILITY = YES_AGGRESSIVE;
				CLANG_WARN_UNREACHABLE_CODE = YES;
				CLANG_WARN__DUPLICATE_METHOD_MATCH = YES;
				CODE_SIGN_IDENTITY = "iPhone Developer";
				COPY_PHASE_STRIP = NO;
				DEBUG_INFORMATION_FORMAT = "dwarf-with-dsym";
				ENABLE_NS_ASSERTIONS = NO;
				ENABLE_STRICT_OBJC_MSGSEND = YES;
				GCC_C_LANGUAGE_STANDARD = gnu11;
				GCC_NO_COMMON_BLOCKS = YES;
				GCC_WARN_64_TO_32_BIT_CONVERSION = YES;
				GCC_WARN_ABOUT_RETURN_TYPE = YES_ERROR;
				GCC_WARN_UNDECLARED_SELECTOR = YES;
				GCC_WARN_UNINITIALIZED_AUTOS = YES_AGGRESSIVE;
				GCC_WARN_UNUSED_FUNCTION = YES;
				GCC_WARN_UNUSED_VARIABLE = YES;
				IPHONEOS_DEPLOYMENT_TARGET = 12.4;
				MTL_ENABLE_DEBUG_INFO = NO;
				MTL_FAST_MATH = YES;
				SDKROOT = iphoneos;
				SWIFT_COMPILATION_MODE = wholemodule;
				SWIFT_OPTIMIZATION_LEVEL = "-O";
				VALIDATE_PRODUCT = YES;
			};
			name = Release;
		};
		586731762309F65600623F86 /* Debug */ = {
			isa = XCBuildConfiguration;
			buildSettings = {
				ASSETCATALOG_COMPILER_LAUNCHIMAGE_NAME = "LaunchImage-2";
				CODE_SIGN_STYLE = Automatic;
				DEVELOPMENT_TEAM = "";
				INFOPLIST_FILE = "$(SRCROOT)/GOT-StudentVersion/Info.plist";
				LD_RUNPATH_SEARCH_PATHS = (
					"$(inherited)",
					"@executable_path/Frameworks",
				);
				PRODUCT_BUNDLE_IDENTIFIER = "MJHJ.GOTE-Project";
				PRODUCT_NAME = "$(TARGET_NAME)";
				SWIFT_VERSION = 5.0;
				TARGETED_DEVICE_FAMILY = "1,2";
			};
			name = Debug;
		};
		586731772309F65600623F86 /* Release */ = {
			isa = XCBuildConfiguration;
			buildSettings = {
				ASSETCATALOG_COMPILER_LAUNCHIMAGE_NAME = "LaunchImage-2";
				CODE_SIGN_STYLE = Automatic;
				DEVELOPMENT_TEAM = "";
				INFOPLIST_FILE = "$(SRCROOT)/GOT-StudentVersion/Info.plist";
				LD_RUNPATH_SEARCH_PATHS = (
					"$(inherited)",
					"@executable_path/Frameworks",
				);
				PRODUCT_BUNDLE_IDENTIFIER = "MJHJ.GOTE-Project";
				PRODUCT_NAME = "$(TARGET_NAME)";
				SWIFT_VERSION = 5.0;
				TARGETED_DEVICE_FAMILY = "1,2";
			};
			name = Release;
		};
		586731792309F65600623F86 /* Debug */ = {
			isa = XCBuildConfiguration;
			buildSettings = {
				ALWAYS_EMBED_SWIFT_STANDARD_LIBRARIES = YES;
				BUNDLE_LOADER = "$(TEST_HOST)";
				CODE_SIGN_STYLE = Automatic;
				DEVELOPMENT_TEAM = 78B3ZP3548;
				INFOPLIST_FILE = "GOTE ProjectTests/Info.plist";
				LD_RUNPATH_SEARCH_PATHS = (
					"$(inherited)",
					"@executable_path/Frameworks",
					"@loader_path/Frameworks",
				);
				PRODUCT_BUNDLE_IDENTIFIER = "MJHJ.GOTE-ProjectTests";
				PRODUCT_NAME = "$(TARGET_NAME)";
				SWIFT_VERSION = 5.0;
				TARGETED_DEVICE_FAMILY = "1,2";
				TEST_HOST = "$(BUILT_PRODUCTS_DIR)/GOTE Project.app/GOTE Project";
			};
			name = Debug;
		};
		5867317A2309F65600623F86 /* Release */ = {
			isa = XCBuildConfiguration;
			buildSettings = {
				ALWAYS_EMBED_SWIFT_STANDARD_LIBRARIES = YES;
				BUNDLE_LOADER = "$(TEST_HOST)";
				CODE_SIGN_STYLE = Automatic;
				DEVELOPMENT_TEAM = 78B3ZP3548;
				INFOPLIST_FILE = "GOTE ProjectTests/Info.plist";
				LD_RUNPATH_SEARCH_PATHS = (
					"$(inherited)",
					"@executable_path/Frameworks",
					"@loader_path/Frameworks",
				);
				PRODUCT_BUNDLE_IDENTIFIER = "MJHJ.GOTE-ProjectTests";
				PRODUCT_NAME = "$(TARGET_NAME)";
				SWIFT_VERSION = 5.0;
				TARGETED_DEVICE_FAMILY = "1,2";
				TEST_HOST = "$(BUILT_PRODUCTS_DIR)/GOTE Project.app/GOTE Project";
			};
			name = Release;
		};
		5867317C2309F65600623F86 /* Debug */ = {
			isa = XCBuildConfiguration;
			buildSettings = {
				ALWAYS_EMBED_SWIFT_STANDARD_LIBRARIES = YES;
				CODE_SIGN_STYLE = Automatic;
				DEVELOPMENT_TEAM = 78B3ZP3548;
				INFOPLIST_FILE = "GOTE ProjectUITests/Info.plist";
				LD_RUNPATH_SEARCH_PATHS = (
					"$(inherited)",
					"@executable_path/Frameworks",
					"@loader_path/Frameworks",
				);
				PRODUCT_BUNDLE_IDENTIFIER = "MJHJ.GOTE-ProjectUITests";
				PRODUCT_NAME = "$(TARGET_NAME)";
				SWIFT_VERSION = 5.0;
				TARGETED_DEVICE_FAMILY = "1,2";
				TEST_TARGET_NAME = "GOTE Project";
			};
			name = Debug;
		};
		5867317D2309F65600623F86 /* Release */ = {
			isa = XCBuildConfiguration;
			buildSettings = {
				ALWAYS_EMBED_SWIFT_STANDARD_LIBRARIES = YES;
				CODE_SIGN_STYLE = Automatic;
				DEVELOPMENT_TEAM = 78B3ZP3548;
				INFOPLIST_FILE = "GOTE ProjectUITests/Info.plist";
				LD_RUNPATH_SEARCH_PATHS = (
					"$(inherited)",
					"@executable_path/Frameworks",
					"@loader_path/Frameworks",
				);
				PRODUCT_BUNDLE_IDENTIFIER = "MJHJ.GOTE-ProjectUITests";
				PRODUCT_NAME = "$(TARGET_NAME)";
				SWIFT_VERSION = 5.0;
				TARGETED_DEVICE_FAMILY = "1,2";
				TEST_TARGET_NAME = "GOTE Project";
			};
			name = Release;
		};
/* End XCBuildConfiguration section */

/* Begin XCConfigurationList section */
		586731482309F65400623F86 /* Build configuration list for PBXProject "GOTE Project" */ = {
			isa = XCConfigurationList;
			buildConfigurations = (
				586731732309F65600623F86 /* Debug */,
				586731742309F65600623F86 /* Release */,
			);
			defaultConfigurationIsVisible = 0;
			defaultConfigurationName = Release;
		};
		586731752309F65600623F86 /* Build configuration list for PBXNativeTarget "GOTE Project" */ = {
			isa = XCConfigurationList;
			buildConfigurations = (
				586731762309F65600623F86 /* Debug */,
				586731772309F65600623F86 /* Release */,
			);
			defaultConfigurationIsVisible = 0;
			defaultConfigurationName = Release;
		};
		586731782309F65600623F86 /* Build configuration list for PBXNativeTarget "GOTE ProjectTests" */ = {
			isa = XCConfigurationList;
			buildConfigurations = (
				586731792309F65600623F86 /* Debug */,
				5867317A2309F65600623F86 /* Release */,
			);
			defaultConfigurationIsVisible = 0;
			defaultConfigurationName = Release;
		};
		5867317B2309F65600623F86 /* Build configuration list for PBXNativeTarget "GOTE ProjectUITests" */ = {
			isa = XCConfigurationList;
			buildConfigurations = (
				5867317C2309F65600623F86 /* Debug */,
				5867317D2309F65600623F86 /* Release */,
			);
			defaultConfigurationIsVisible = 0;
			defaultConfigurationName = Release;
		};
/* End XCConfigurationList section */
	};
	rootObject = 586731452309F65400623F86 /* Project object */;
}
